{
  "name": "desk-hunk-extension",
  "version": "0.1.0",
  "lockfileVersion": 3,
  "requires": true,
  "packages": {
    "": {
      "name": "desk-hunk-extension",
      "version": "0.1.0",
      "devDependencies": {
        "@opentui/core": "^0.5.14",
        "@opentui/react": "^0.5.14",
        "@types/node": "^24.19.0",
        "@types/react": "^19.3.0",
        "hunkdiff": "^0.23.0",
        "react": "^19.3.0",
        "typescript": "^5.9.3"
      }
    },
    "node_modules/@opentui/core": {
      "version": "0.5.14",
      "resolved": "https://npm.cloudsmith.io/seek/npm/@opentui/core/-/core-0.5.14.tgz",
      "integrity": "sha512-tfQ+PWQyeBnYloB3diEcPqbILv14xemH5jjAEICfPuyNDtGBqrjhUtThrhbvFRuPMcj6IEeXrAk6VE8e91h0kg==",
      "dev": true,
      "license": "MIT",
      "dependencies": {
        "bun-ffi-structs": "0.3.1",
        "diff": "9.0.0",
        "marked": "17.0.1",
        "string-width": "7.2.0",
        "strip-ansi": "7.1.2"
      },
      "engines": {
        "bun": ">=1.3.0",
        "node": ">=26.4.0"
      },
      "optionalDependencies": {
        "@opentui/core-darwin-arm64": "0.5.14",
        "@opentui/core-darwin-x64": "0.5.14",
        "@opentui/core-linux-arm64": "0.5.14",
        "@opentui/core-linux-arm64-musl": "0.5.14",
        "@opentui/core-linux-x64": "0.5.14",
        "@opentui/core-linux-x64-musl": "0.5.14",
        "@opentui/core-win32-arm64": "0.5.14",
        "@opentui/core-win32-x64": "0.5.14"
      },
      "peerDependencies": {
        "web-tree-sitter": "0.25.10"
      }
    },
    "node_modules/@opentui/core-darwin-arm64": {
      "version": "0.5.14",
      "resolved": "https://npm.cloudsmith.io/seek/npm/@opentui/core-darwin-arm64/-/core-darwin-arm64-0.5.14.tgz",
      "integrity": "sha512-wWmw41wRMBoI0lN9mgyzGRwYujwwfNkBP6jYM99k4Bx2XkeSZ3sCeu5bwX9vEJPYqjiBShbDhc0NnVSP7NwzVg==",
      "cpu": [
        "arm64"
      ],
      "dev": true,
      "license": "MIT",
      "optional": true,
      "os": [
        "darwin"
      ]
    },
    "node_modules/@opentui/core-darwin-x64": {
      "version": "0.5.14",
      "resolved": "https://npm.cloudsmith.io/seek/npm/@opentui/core-darwin-x64/-/core-darwin-x64-0.5.14.tgz",
      "integrity": "sha512-7smHKDH8IhUaBsgYuAClMl2mHWu+yjpMrtdw3wEvBVtCzKMrHi/TJ5PtydO+IfUzR3BXpVubdbR1irD8BTcR/w==",
      "cpu": [
        "x64"
      ],
      "dev": true,
      "license": "MIT",
      "optional": true,
      "os": [
        "darwin"
      ]
    },
    "node_modules/@opentui/core-linux-arm64": {
      "version": "0.5.14",
      "resolved": "https://npm.cloudsmith.io/seek/npm/@opentui/core-linux-arm64/-/core-linux-arm64-0.5.14.tgz",
      "integrity": "sha512-xH1hP+NaLySEJeZkl21NlkZBMddMfQ1jU8NeX1AEBc2GNBOvDXU4Ud/xw87SrAvU1xG9K7/9C4oy4AmIMEpVGg==",
      "cpu": [
        "arm64"
      ],
      "dev": true,
      "license": "MIT",
      "optional": true,
      "os": [
        "linux"
      ]
    },
    "node_modules/@opentui/core-linux-arm64-musl": {
      "version": "0.5.14",
      "resolved": "https://npm.cloudsmith.io/seek/npm/@opentui/core-linux-arm64-musl/-/core-linux-arm64-musl-0.5.14.tgz",
      "integrity": "sha512-mnBBAuTb92NiRLAjOD755tS8/tNQemDztbg9tMvoCT90G52FtVrRb31Ge6OrYqfm0c9DkZGhEBOhunsId/4zSA==",
      "cpu": [
        "arm64"
      ],
      "dev": true,
      "libc": [
        "musl"
      ],
      "license": "MIT",
      "optional": true,
      "os": [
        "linux"
      ]
    },
    "node_modules/@opentui/core-linux-x64": {
      "version": "0.5.14",
      "resolved": "https://npm.cloudsmith.io/seek/npm/@opentui/core-linux-x64/-/core-linux-x64-0.5.14.tgz",
      "integrity": "sha512-Hkk4kaDGMcn9bmJFJPW3/QOGGbPuWe3sCFV/CkiVb4+bCvcTm7EXQr4QTAA63BYy2dKE5bUFUi1zZlyeMkWpnA==",
      "cpu": [
        "x64"
      ],
      "dev": true,
      "license": "MIT",
      "optional": true,
      "os": [
        "linux"
      ]
    },
    "node_modules/@opentui/core-linux-x64-musl": {
      "version": "0.5.14",
      "resolved": "https://npm.cloudsmith.io/seek/npm/@opentui/core-linux-x64-musl/-/core-linux-x64-musl-0.5.14.tgz",
      "integrity": "sha512-ngJ+U2grOGEteeQvZdAJNqn09M+At5mfWInauK5aS427bea1yLo+e6hor/CRmbn9SxEEF+SwoyekaOrLPWyU7w==",
      "cpu": [
        "x64"
      ],
      "dev": true,
      "libc": [
        "musl"
      ],
      "license": "MIT",
      "optional": true,
      "os": [
        "linux"
      ]
    },
    "node_modules/@opentui/core-win32-arm64": {
      "version": "0.5.14",
      "resolved": "https://npm.cloudsmith.io/seek/npm/@opentui/core-win32-arm64/-/core-win32-arm64-0.5.14.tgz",
      "integrity": "sha512-T9kNqKXg2jysmTsyyZ1A8LBQotFBM+iPjzyRslxyexqrs8a1UcmxbApEo+COtxQuqukMTbvwyqEdAT8vcmxEkQ==",
      "cpu": [
        "arm64"
      ],
      "dev": true,
      "license": "MIT",
      "optional": true,
      "os": [
        "win32"
      ]
    },
    "node_modules/@opentui/core-win32-x64": {
      "version": "0.5.14",
      "resolved": "https://npm.cloudsmith.io/seek/npm/@opentui/core-win32-x64/-/core-win32-x64-0.5.14.tgz",
      "integrity": "sha512-mqKSkab8VdMLSmMdocna7+BTyMoIutkVXOV9lfmPrBO2g7Np5c6c4SJ4QIVZqPvast11XyT0/7FfXOYLKAS72w==",
      "cpu": [
        "x64"
      ],
      "dev": true,
      "license": "MIT",
      "optional": true,
      "os": [
        "win32"
      ]
    },
    "node_modules/@opentui/react": {
      "version": "0.5.14",
      "resolved": "https://npm.cloudsmith.io/seek/npm/@opentui/react/-/react-0.5.14.tgz",
      "integrity": "sha512-EyRO8sVAvkv1H6tKh8/uaReWN/P4kH5xDzec2eu6clTY13XZMJXNnI9kHu1ddAddb18L2LYe+vXFOqDCmEyZVA==",
      "dev": true,
      "license": "MIT",
      "dependencies": {
        "@opentui/core": "0.5.14",
        "react-reconciler": "^0.33.0"
      },
      "peerDependencies": {
        "react": ">=19.2.0",
        "react-devtools-core": "^7.0.1",
        "ws": "^8.18.0"
      }
    },
    "node_modules/@types/node": {
      "version": "24.19.0",
      "resolved": "https://npm.cloudsmith.io/seek/npm/@types/node/-/node-24.19.0.tgz",
      "integrity": "sha512-zY+5tKxXdhGh1PYI0ac+7juvEu4OI6vWtVVoj5i2m42jxAY1U+zHGt6QCyOFwykdP62sM3MJ9stoYYUw5aCWew==",
      "dev": true,
      "license": "MIT",
      "dependencies": {
        "undici-types": ">=7.24.0 <7.24.7"
      }
    },
    "node_modules/@types/react": {
      "version": "19.3.0",
      "resolved": "https://npm.cloudsmith.io/seek/npm/@types/react/-/react-19.3.0.tgz",
      "integrity": "sha512-N0rFCuH9YoxG9/m61l9MfpJKfmLOVU0em7ipIz6TRgSSkvReLB9vL85GB+yr8Bs5leqpvg96JSwF4ZS1s4viQg==",
      "dev": true,
      "license": "MIT",
      "dependencies": {
        "csstype": "^3.2.2"
      }
    },
    "node_modules/ansi-regex": {
      "version": "6.4.0",
      "resolved": "https://npm.cloudsmith.io/seek/npm/ansi-regex/-/ansi-regex-6.4.0.tgz",
      "integrity": "sha512-KzTVk2tCWAHtYrvvvaP8bJKJq2pVinhLcGEQdtLIYPbmNGNyYe8QwNaTUYQp2J7/vIsUKt5QCqAfUkYyG9DkOw==",
      "dev": true,
      "license": "MIT",
      "engines": {
        "node": ">=12"
      },
      "funding": {
        "url": "https://github.com/chalk/ansi-regex?sponsor=1"
      }
    },
    "node_modules/bun-ffi-structs": {
      "version": "0.3.1",
      "resolved": "https://npm.cloudsmith.io/seek/npm/bun-ffi-structs/-/bun-ffi-structs-0.3.1.tgz",
      "integrity": "sha512-3gM7PpVWLyrwxWjcilSiGuhWanhZivvo6l0u573NziPH6f/gwk6McbaYgn7oJWov6pKGRTDbrg94W5DcJsKTtQ==",
      "dev": true,
      "license": "MIT",
      "peerDependencies": {
        "typescript": "^5"
      }
    },
    "node_modules/chokidar": {
      "version": "4.0.3",
      "resolved": "https://npm.cloudsmith.io/seek/npm/chokidar/-/chokidar-4.0.3.tgz",
      "integrity": "sha512-Qgzu8kfBvo+cA4962jnP1KkS6Dop5NS6g7R5LFYJr4b8Ub94PPQXUksCw9PvXoeXPRRddRNC5C1JQUR2SMGtnA==",
      "dev": true,
      "license": "MIT",
      "dependencies": {
        "readdirp": "^4.0.1"
      },
      "engines": {
        "node": ">= 14.16.0"
      },
      "funding": {
        "url": "https://paulmillr.com/funding/"
      }
    },
    "node_modules/commander": {
      "version": "14.0.3",
      "resolved": "https://npm.cloudsmith.io/seek/npm/commander/-/commander-14.0.3.tgz",
      "integrity": "sha512-H+y0Jo/T1RZ9qPP4Eh1pkcQcLRglraJaSLoyOtHxu6AapkjWVCy2Sit1QQ4x3Dng8qDlSsZEet7g5Pq06MvTgw==",
      "dev": true,
      "license": "MIT",
      "engines": {
        "node": ">=20"
      }
    },
    "node_modules/csstype": {
      "version": "3.2.3",
      "resolved": "https://npm.cloudsmith.io/seek/npm/csstype/-/csstype-3.2.3.tgz",
      "integrity": "sha512-z1HGKcYy2xA8AGQfwrn0PAy+PB7X/GSj3UVJW9qKyn43xWa+gl5nXmU4qqLMRzWVLFC8KusUX8T/0kCiOYpAIQ==",
      "dev": true,
      "license": "MIT"
    },
    "node_modules/diff": {
      "version": "9.0.0",
      "resolved": "https://npm.cloudsmith.io/seek/npm/diff/-/diff-9.0.0.tgz",
      "integrity": "sha512-svtcdpS8CgJyqAjEQIXdb3OjhFVVYjzGAPO8WGCmRbrml64SPw/jJD4GoE98aR7r25A0XcgrK3F02yw9R/vhQw==",
      "dev": true,
      "license": "BSD-3-Clause",
      "engines": {
        "node": ">=0.3.1"
      }
    },
    "node_modules/emoji-regex": {
      "version": "10.6.0",
      "resolved": "https://npm.cloudsmith.io/seek/npm/emoji-regex/-/emoji-regex-10.6.0.tgz",
      "integrity": "sha512-toUI84YS5YmxW219erniWD0CIVOo46xGKColeNQRgOzDorgBi1v4D71/OFzgD9GO2UGKIv1C3Sp8DAn0+j5w7A==",
      "dev": true,
      "license": "MIT"
    },
    "node_modules/get-east-asian-width": {
      "version": "1.7.0",
      "resolved": "https://npm.cloudsmith.io/seek/npm/get-east-asian-width/-/get-east-asian-width-1.7.0.tgz",
      "integrity": "sha512-XjH1AECxf0giL2V1aU8vKyRR2ppRUb5c0EvT7zuJTokQ74bNo52zOtghqdWIqrhUD79fo3x0WfKZdOqxF6LG1Q==",
      "dev": true,
      "license": "MIT",
      "engines": {
        "node": ">=18"
      },
      "funding": {
        "url": "https://github.com/sponsors/sindresorhus"
      }
    },
    "node_modules/hunkdiff": {
      "version": "0.23.0",
      "resolved": "https://npm.cloudsmith.io/seek/npm/hunkdiff/-/hunkdiff-0.23.0.tgz",
      "integrity": "sha512-YQL6N3OC6VFW9vqPlBr2HyCM5olYiVLOjPmkL+JhCeHfJKL4hx7r8Ux3d211T+Oj9e3hkaZNToveTvFpNrIeNQ==",
      "dev": true,
      "license": "MIT",
      "dependencies": {
        "chokidar": "^4.0.3",
        "commander": "^14.0.3",
        "diff": "^8.0.3",
        "get-east-asian-width": "^1.5.0",
        "shell-quote": "1.9.0",
        "string-width": "^8.2.1",
        "zod": "~4.4.3"
      },
      "bin": {
        "hunk": "bin/hunk.cjs",
        "hunkdiff": "bin/hunk.cjs"
      },
      "engines": {
        "node": ">=22"
      },
      "optionalDependencies": {
        "hunkdiff-darwin-arm64": "0.23.0",
        "hunkdiff-darwin-x64": "0.23.0",
        "hunkdiff-linux-arm64": "0.23.0",
        "hunkdiff-linux-x64": "0.23.0",
        "hunkdiff-windows-x64": "0.23.0"
      },
      "peerDependencies": {
        "@opentui/core": "^0.5.6",
        "@opentui/react": "^0.5.6",
        "@pierre/diffs": "1.3.5",
        "react": "^19.2.4"
      },
      "peerDependenciesMeta": {
        "@pierre/diffs": {
          "optional": true
        }
      }
    },
    "node_modules/hunkdiff-darwin-arm64": {
      "version": "0.23.0",
      "resolved": "https://npm.cloudsmith.io/seek/npm/hunkdiff-darwin-arm64/-/hunkdiff-darwin-arm64-0.23.0.tgz",
      "integrity": "sha512-2r7uwoOPzEblFD+FrwMkr2a48QPAbMG7dTDYUOJoMch9V1+IwBgRTox0+uR2ZkLzQNuI9o5D5JYL+P4dzf9tbg==",
      "cpu": [
        "arm64"
      ],
      "dev": true,
      "license": "MIT",
      "optional": true,
      "os": [
        "darwin"
      ],
      "bin": {
        "hunk": "bin/hunk"
      }
    },
    "node_modules/hunkdiff-darwin-x64": {
      "version": "0.23.0",
      "resolved": "https://npm.cloudsmith.io/seek/npm/hunkdiff-darwin-x64/-/hunkdiff-darwin-x64-0.23.0.tgz",
      "integrity": "sha512-Mn89kHTDsfSDvGIU5uSmQOFy89+j4RgGVQ/Rgjv1ABNAgnwuc3JqrmiHeX8+c34DNc/z0c+FxYE3s2rnI48kHg==",
      "cpu": [
        "x64"
      ],
      "dev": true,
      "license": "MIT",
      "optional": true,
      "os": [
        "darwin"
      ],
      "bin": {
        "hunk": "bin/hunk"
      }
    },
    "node_modules/hunkdiff-linux-arm64": {
      "version": "0.23.0",
      "resolved": "https://npm.cloudsmith.io/seek/npm/hunkdiff-linux-arm64/-/hunkdiff-linux-arm64-0.23.0.tgz",
      "integrity": "sha512-jzMJ0oxccBRJmkkCulC6EBUCAzR5CC1T+uWWKFCYNyk37jJeK/bJQp3Kn+laIWLSFuwFcIAqeCi3cyufTFbckA==",
      "cpu": [
        "arm64"
      ],
      "dev": true,
      "license": "MIT",
      "optional": true,
      "os": [
        "linux"
      ],
      "bin": {
        "hunk": "bin/hunk"
      }
    },
    "node_modules/hunkdiff-linux-x64": {
      "version": "0.23.0",
      "resolved": "https://npm.cloudsmith.io/seek/npm/hunkdiff-linux-x64/-/hunkdiff-linux-x64-0.23.0.tgz",
      "integrity": "sha512-glBJemvAsaH5C+jN9BUMPzMEL49yRXAwxOsgTTdbwiuLp1ddOjZLG78z0F1+K5x/qdovk062LZcOSk95naT6Mw==",
      "cpu": [
        "x64"
      ],
      "dev": true,
      "license": "MIT",
      "optional": true,
      "os": [
        "linux"
      ],
      "bin": {
        "hunk": "bin/hunk"
      }
    },
    "node_modules/hunkdiff-windows-x64": {
      "version": "0.23.0",
      "resolved": "https://npm.cloudsmith.io/seek/npm/hunkdiff-windows-x64/-/hunkdiff-windows-x64-0.23.0.tgz",
      "integrity": "sha512-zibsI3LtsjB/f/jYKULJpHbEMdYzSYA+zIrlf+iXe1jk0qFtbLcYPugIl3u3kLChFjs4zHfP2DrBdZmoM1L+mQ==",
      "cpu": [
        "x64"
      ],
      "dev": true,
      "license": "MIT",
      "optional": true,
      "os": [
        "win32"
      ],
      "bin": {
        "hunk": "bin/hunk.exe"
      }
    },
    "node_modules/hunkdiff/node_modules/diff": {
      "version": "8.0.4",
      "resolved": "https://npm.cloudsmith.io/seek/npm/diff/-/diff-8.0.4.tgz",
      "integrity": "sha512-DPi0FmjiSU5EvQV0++GFDOJ9ASQUVFh5kD+OzOnYdi7n3Wpm9hWWGfB/O2blfHcMVTL5WkQXSnRiK9makhrcnw==",
      "dev": true,
      "license": "BSD-3-Clause",
      "engines": {
        "node": ">=0.3.1"
      }
    },
    "node_modules/hunkdiff/node_modules/string-width": {
      "version": "8.3.0",
      "resolved": "https://npm.cloudsmith.io/seek/npm/string-width/-/string-width-8.3.0.tgz",
      "integrity": "sha512-ZbmZM0JCihQN91dWnxoipT2KOEyHqEyfRXUyjuRhW8b/xnqPDoq4gWEVApTVa9db2wN8mmoikgFBbjh71+cGeQ==",
      "dev": true,
      "license": "MIT",
      "dependencies": {
        "get-east-asian-width": "^1.5.0",
        "strip-ansi": "^7.1.2"
      },
      "engines": {
        "node": ">=20"
      },
      "funding": {
        "url": "https://github.com/sponsors/sindresorhus"
      }
    },
    "node_modules/marked": {
      "version": "17.0.1",
      "resolved": "https://npm.cloudsmith.io/seek/npm/marked/-/marked-17.0.1.tgz",
      "integrity": "sha512-boeBdiS0ghpWcSwoNm/jJBwdpFaMnZWRzjA6SkUMYb40SVaN1x7mmfGKp0jvexGcx+7y2La5zRZsYFZI6Qpypg==",
      "dev": true,
      "license": "MIT",
      "bin": {
        "marked": "bin/marked.js"
      },
      "engines": {
        "node": ">= 20"
      }
    },
    "node_modules/react": {
      "version": "19.3.0",
      "resolved": "https://npm.cloudsmith.io/seek/npm/react/-/react-19.3.0.tgz",
      "integrity": "sha512-E8LUcbtBWt20bbl2YoHfx4ZDBdxVTfOKtCZn9cDSJ4l6/nuoApcpIBcj47t2wZoVX8g2ZHuMHbiShgCR1T5Sog==",
      "dev": true,
      "license": "MIT",
      "engines": {
        "node": ">=0.10.0"
      }
    },
    "node_modules/react-devtools-core": {
      "version": "7.0.1",
      "resolved": "https://npm.cloudsmith.io/seek/npm/react-devtools-core/-/react-devtools-core-7.0.1.tgz",
      "integrity": "sha512-C3yNvRHaizlpiASzy7b9vbnBGLrhvdhl1CbdU6EnZgxPNbai60szdLtl+VL76UNOt5bOoVTOz5rNWZxgGt+Gsw==",
      "dev": true,
      "license": "MIT",
      "peer": true,
      "dependencies": {
        "shell-quote": "^1.6.1",
        "ws": "^7"
      }
    },
    "node_modules/react-devtools-core/node_modules/ws": {
      "version": "7.5.13",
      "resolved": "https://npm.cloudsmith.io/seek/npm/ws/-/ws-7.5.13.tgz",
      "integrity": "sha512-rsKI6xDBFVf4r/x8XyChGK04QR/XHroxs/jUcoWvtEZM8TPU/X/uIY9B1CsSzYws9ZJb/6bbBu7dPhFW00CAoA==",
      "dev": true,
      "license": "MIT",
      "peer": true,
      "engines": {
        "node": ">=8.3.0"
      },
      "peerDependencies": {
        "bufferutil": "^4.0.1",
        "utf-8-validate": "^5.0.2"
      },
      "peerDependenciesMeta": {
        "bufferutil": {
          "optional": true
        },
        "utf-8-validate": {
          "optional": true
        }
      }
    },
    "node_modules/react-reconciler": {
      "version": "0.33.0",
      "resolved": "https://npm.cloudsmith.io/seek/npm/react-reconciler/-/react-reconciler-0.33.0.tgz",
      "integrity": "sha512-KetWRytFv1epdpJc3J4G75I4WrplZE5jOL7Yq0p34+OVOKF4Se7WrdIdVC45XsSSmUTlht2FM/fM1FZb1mfQeA==",
      "dev": true,
      "license": "MIT",
      "dependencies": {
        "scheduler": "^0.27.0"
      },
      "engines": {
        "node": ">=0.10.0"
      },
      "peerDependencies": {
        "react": "^19.2.0"
      }
    },
    "node_modules/readdirp": {
      "version": "4.1.2",
      "resolved": "https://npm.cloudsmith.io/seek/npm/readdirp/-/readdirp-4.1.2.tgz",
      "integrity": "sha512-GDhwkLfywWL2s6vEjyhri+eXmfH6j1L7JE27WhqLeYzoh/A3DBaYGEj2H/HFZCn/kMfim73FXxEJTw06WtxQwg==",
      "dev": true,
      "license": "MIT",
      "engines": {
        "node": ">= 14.18.0"
      },
      "funding": {
        "type": "individual",
        "url": "https://paulmillr.com/funding/"
      }
    },
    "node_modules/scheduler": {
      "version": "0.27.0",
      "resolved": "https://npm.cloudsmith.io/seek/npm/scheduler/-/scheduler-0.27.0.tgz",
      "integrity": "sha512-eNv+WrVbKu1f3vbYJT/xtiF5syA5HPIMtf9IgY/nKg0sWqzAUEvqY/xm7OcZc/qafLx/iO9FgOmeSAp4v5ti/Q==",
      "dev": true,
      "license": "MIT"
    },
    "node_modules/shell-quote": {
      "version": "1.9.0",
      "resolved": "https://npm.cloudsmith.io/seek/npm/shell-quote/-/shell-quote-1.9.0.tgz",
      "integrity": "sha512-Iov+JwFv/2HcTpcwNMKd8+IWNb8tboQJNQTkAY/LLVK7gGH9jy+LGkVqPxfekHl+yMmiqXszdGWXgkfml7hjqA==",
      "dev": true,
      "license": "MIT",
      "engines": {
        "node": ">= 0.4"
      },
      "funding": {
        "url": "https://github.com/sponsors/ljharb"
      }
    },
    "node_modules/string-width": {
      "version": "7.2.0",
      "resolved": "https://npm.cloudsmith.io/seek/npm/string-width/-/string-width-7.2.0.tgz",
      "integrity": "sha512-tsaTIkKW9b4N+AEj+SVA+WhJzV7/zMhcSu78mLKWSk7cXMOSHsBKFWUs0fWwq8QyK3MgJBQRX6Gbi4kYbdvGkQ==",
      "dev": true,
      "license": "MIT",
      "dependencies": {
        "emoji-regex": "^10.3.0",
        "get-east-asian-width": "^1.0.0",
        "strip-ansi": "^7.1.0"
      },
      "engines": {
        "node": ">=18"
      },
      "funding": {
        "url": "https://github.com/sponsors/sindresorhus"
      }
    },
    "node_modules/strip-ansi": {
      "version": "7.1.2",
      "resolved": "https://npm.cloudsmith.io/seek/npm/strip-ansi/-/strip-ansi-7.1.2.tgz",
      "integrity": "sha512-gmBGslpoQJtgnMAvOVqGZpEz9dyoKTCzy2nfz/n8aIFhN/jCE/rCmcxabB6jOOHV+0WNnylOxaxBQPSvcWklhA==",
      "dev": true,
      "license": "MIT",
      "dependencies": {
        "ansi-regex": "^6.0.1"
      },
      "engines": {
        "node": ">=12"
      },
      "funding": {
        "url": "https://github.com/chalk/strip-ansi?sponsor=1"
      }
    },
    "node_modules/typescript": {
      "version": "5.9.3",
      "resolved": "https://npm.cloudsmith.io/seek/npm/typescript/-/typescript-5.9.3.tgz",
      "integrity": "sha512-jl1vZzPDinLr9eUt3J/t7V6FgNEw9QjvBPdysz9KfQDD41fQrC2Y4vKQdiaUpFT4bXlb1RHhLpp8wtm6M5TgSw==",
      "dev": true,
      "license": "Apache-2.0",
      "bin": {
        "tsc": "bin/tsc",
        "tsserver": "bin/tsserver"
      },
      "engines": {
        "node": ">=14.17"
      }
    },
    "node_modules/undici-types": {
      "version": "7.24.6",
      "resolved": "https://npm.cloudsmith.io/seek/npm/undici-types/-/undici-types-7.24.6.tgz",
      "integrity": "sha512-WRNW+sJgj5OBN4/0JpHFqtqzhpbnV0GuB+OozA9gCL7a993SmU+1JBZCzLNxYsbMfIeDL+lTsphD5jN5N+n0zg==",
      "dev": true,
      "license": "MIT"
    },
    "node_modules/web-tree-sitter": {
      "version": "0.25.10",
      "resolved": "https://npm.cloudsmith.io/seek/npm/web-tree-sitter/-/web-tree-sitter-0.25.10.tgz",
      "integrity": "sha512-Y09sF44/13XvgVKgO2cNDw5rGk6s26MgoZPXLESvMXeefBf7i6/73eFurre0IsTW6E14Y0ArIzhUMmjoc7xyzA==",
      "dev": true,
      "license": "MIT",
      "peer": true,
      "peerDependencies": {
        "@types/emscripten": "^1.40.0"
      },
      "peerDependenciesMeta": {
        "@types/emscripten": {
          "optional": true
        }
      }
    },
    "node_modules/ws": {
      "version": "8.22.0",
      "resolved": "https://npm.cloudsmith.io/seek/npm/ws/-/ws-8.22.0.tgz",
      "integrity": "sha512-Ydggc987+RO0AnWtZ/7Wq9FtNvcrL1b/RO0ud9mWjUPgDrsAAwQSF51sm2hm1XofbU/4jkpGEsLFsZZxU+1DOg==",
      "dev": true,
      "license": "MIT",
      "peer": true,
      "engines": {
        "node": ">=10.0.0"
      },
      "peerDependencies": {
        "bufferutil": "^4.0.1",
        "utf-8-validate": ">=5.0.2"
      },
      "peerDependenciesMeta": {
        "bufferutil": {
          "optional": true
        },
        "utf-8-validate": {
          "optional": true
        }
      }
    },
    "node_modules/zod": {
      "version": "4.4.3",
      "resolved": "https://npm.cloudsmith.io/seek/npm/zod/-/zod-4.4.3.tgz",
      "integrity": "sha512-ytENFjIJFl2UwYglde2jchW2Hwm4GJFLDiSXWdTrJQBIN9Fcyp7n4DhxJEiWNAJMV1/BqWfW/kkg71UDcHJyTQ==",
      "dev": true,
      "license": "MIT",
      "funding": {
        "url": "https://github.com/sponsors/colinhacks"
      }
    }
  }
}
